<Solution>
  <Project Path="//GMRDC1/Folder Redirection/Veer.Shah/Documents/Visual Studio 2022/Projects/SQLAPIs/ChatApp/ChatApp/ChatApp.csproj" />
  <Project Path="ChatRoomApplication/ChatRoomApplication.csproj" Id="ae57d5e1-b80e-44d0-ae70-ff0afecb0125" />
  <Project Path="DBLibrary/DBLibrary.csproj" Id="30044d1f-9934-40e2-b51f-ace991c9d4a1" />
</Solution>
